{
    "_meta": {
        "hash": {
            "sha256": "87fda0be6f98ebd6614f5d3c47b4f4d291612cecca73011354d6559364420d83"
        },
        "pipfile-spec": 6,
        "requires": {
            "python_version": "3.11"
        },
        "sources": [
            {
                "name": "pypi",
                "url": "https://pypi.org/simple",
                "verify_ssl": true
            }
        ]
    },
    "default": {
        "alembic": {
            "hashes": [
                "sha256:03226222f1cf943deee6c85d9464261a6c710cd19b4fe867a3ad1f25afda610f",
                "sha256:8e7645c32e4f200675e69f0745415335eb59a3663f5feb487abfa0b30c45888b"
            ],
            "markers": "python_version >= '3.7'",
            "version": "==1.12.0"
        },
        "aniso8601": {
            "hashes": [
                "sha256:1d2b7ef82963909e93c4f24ce48d4de9e66009a21bf1c1e1c85bdd0812fe412f",
                "sha256:72e3117667eedf66951bb2d93f4296a56b94b078a8a95905a052611fb3f1b973"
            ],
            "version": "==9.0.1"
        },
        "attrs": {
            "hashes": [
                "sha256:1f28b4522cdc2fb4256ac1a020c78acf9cba2c6b461ccd2c126f3aa8e8335d04",
                "sha256:6279836d581513a26f1bf235f9acd333bc9115683f14f7e8fae46c98fc50e015"
            ],
            "markers": "python_version >= '3.7'",
            "version": "==23.1.0"
        },
        "bcrypt": {
            "hashes": [
                "sha256:089098effa1bc35dc055366740a067a2fc76987e8ec75349eb9484061c54f535",
                "sha256:08d2947c490093a11416df18043c27abe3921558d2c03e2076ccb28a116cb6d0",
                "sha256:0eaa47d4661c326bfc9d08d16debbc4edf78778e6aaba29c1bc7ce67214d4410",
                "sha256:27d375903ac8261cfe4047f6709d16f7d18d39b1ec92aaf72af989552a650ebd",
                "sha256:2b3ac11cf45161628f1f3733263e63194f22664bf4d0c0f3ab34099c02134665",
                "sha256:2caffdae059e06ac23fce178d31b4a702f2a3264c20bfb5ff541b338194d8fab",
                "sha256:3100851841186c25f127731b9fa11909ab7b1df6fc4b9f8353f4f1fd952fbf71",
                "sha256:5ad4d32a28b80c5fa6671ccfb43676e8c1cc232887759d1cd7b6f56ea4355215",
                "sha256:67a97e1c405b24f19d08890e7ae0c4f7ce1e56a712a016746c8b2d7732d65d4b",
                "sha256:705b2cea8a9ed3d55b4491887ceadb0106acf7c6387699fca771af56b1cdeeda",
                "sha256:8a68f4341daf7522fe8d73874de8906f3a339048ba406be6ddc1b3ccb16fc0d9",
                "sha256:a522427293d77e1c29e303fc282e2d71864579527a04ddcfda6d4f8396c6c36a",
                "sha256:ae88eca3024bb34bb3430f964beab71226e761f51b912de5133470b649d82344",
                "sha256:b1023030aec778185a6c16cf70f359cbb6e0c289fd564a7cfa29e727a1c38f8f",
                "sha256:b3b85202d95dd568efcb35b53936c5e3b3600c7cdcc6115ba461df3a8e89f38d",
                "sha256:b57adba8a1444faf784394de3436233728a1ecaeb6e07e8c22c8848f179b893c",
                "sha256:bf4fa8b2ca74381bb5442c089350f09a3f17797829d958fad058d6e44d9eb83c",
                "sha256:ca3204d00d3cb2dfed07f2d74a25f12fc12f73e606fcaa6975d1f7ae69cacbb2",
                "sha256:cbb03eec97496166b704ed663a53680ab57c5084b2fc98ef23291987b525cb7d",
                "sha256:e9a51bbfe7e9802b5f3508687758b564069ba937748ad7b9e890086290d2f79e",
                "sha256:fbdaec13c5105f0c4e5c52614d04f0bca5f5af007910daa8b6b12095edaa67b3"
            ],
            "markers": "python_version >= '3.6'",
            "version": "==4.0.1"
        },
        "blinker": {
            "hashes": [
                "sha256:4afd3de66ef3a9f8067559fb7a1cbe555c17dcbe15971b05d1b625c3e7abe213",
                "sha256:c3d739772abb7bc2860abf5f2ec284223d9ad5c76da018234f6f50d6f31ab1f0"
            ],
            "markers": "python_version >= '3.7'",
            "version": "==1.6.2"
        },
        "cachelib": {
            "hashes": [
                "sha256:42d49f2fad9310dd946d7be73d46776bcd4d5fde4f49ad210cfdd447fbdfc346",
                "sha256:593faeee62a7c037d50fc835617a01b887503f972fb52b188ae7e50e9cb69740"
            ],
            "markers": "python_version >= '3.7'",
            "version": "==0.10.2"
        },
        "click": {
            "hashes": [
                "sha256:ae74fb96c20a0277a1d615f1e4d73c8414f5a98db8b799a7931d1582f3390c28",
                "sha256:ca9853ad459e787e2192211578cc907e7594e294c7ccc834310722b41b9ca6de"
            ],
            "markers": "python_version >= '3.7'",
            "version": "==8.1.7"
        },
        "flask": {
            "hashes": [
                "sha256:09c347a92aa7ff4a8e7f3206795f30d826654baf38b873d0744cd571ca609efc",
                "sha256:f69fcd559dc907ed196ab9df0e48471709175e696d6e698dd4dbe940f96ce66b"
            ],
            "index": "pypi",
            "markers": "python_version >= '3.8'",
            "version": "==2.3.3"
        },
        "flask-bcrypt": {
            "hashes": [
                "sha256:062fd991dc9118d05ac0583675507b9fe4670e44416c97e0e6819d03d01f808a",
                "sha256:f07b66b811417ea64eb188ae6455b0b708a793d966e1a80ceec4a23bc42a4369"
            ],
            "index": "pypi",
            "version": "==1.0.1"
        },
        "flask-cors": {
            "hashes": [
                "sha256:bc3492bfd6368d27cfe79c7821df5a8a319e1a6d5eab277a3794be19bdc51783",
                "sha256:f268522fcb2f73e2ecdde1ef45e2fd5c71cc48fe03cffb4b441c6d1b40684eb0"
            ],
            "index": "pypi",
            "version": "==4.0.0"
        },
        "flask-migrate": {
            "hashes": [
                "sha256:613a2df703998e78716cace68cd83972960834424457f5b67f56e74fff950aef",
                "sha256:d3f437a8b5f3849d1bb1b60e1b818efc564c66e3fefe90b62e5db08db295e1b1"
            ],
            "index": "pypi",
            "markers": "python_version >= '3.6'",
            "version": "==4.0.5"
        },
        "flask-restplus": {
            "hashes": [
                "sha256:a15d251923a8feb09a5d805c2f4d188555910a42c64d58f7dd281b8cac095f1b",
                "sha256:a66e442d0bca08f389fc3d07b4d808fc89961285d12fb8013f7cf15516fa9f5c"
            ],
            "index": "pypi",
            "version": "==0.13.0"
        },
        "flask-script": {
            "hashes": [
                "sha256:6425963d91054cfcc185807141c7314a9c5ad46325911bd24dcb489bd0161c65"
            ],
            "index": "pypi",
            "version": "==2.0.6"
        },
        "flask-session": {
            "hashes": [
                "sha256:1619bcbc16f04f64e90f8e0b17145ba5c9700090bb1294e889956c1282d58631",
                "sha256:190875e6aebf2953c6803d42379ef3b934bc209ef8ef006f97aecb08f5aaeb86"
            ],
            "index": "pypi",
            "markers": "python_version >= '3.7'",
            "version": "==0.5.0"
        },
        "flask-sqlalchemy": {
            "hashes": [
                "sha256:4ba4be7f419dc72f4efd8802d69974803c37259dd42f3913b0dcf75c9447e0a0",
                "sha256:e4b68bb881802dda1a7d878b2fc84c06d1ee57fb40b874d3dc97dabfa36b8312"
            ],
            "index": "pypi",
            "markers": "python_version >= '3.8'",
            "version": "==3.1.1"
        },
        "flask-testing": {
            "hashes": [
                "sha256:0a734d7b68e63a9410b413cd7b1f96456f9a858bd09a6222d465650cc782eb01"
            ],
            "index": "pypi",
            "version": "==0.8.1"
        },
        "greenlet": {
            "hashes": [
                "sha256:03a8f4f3430c3b3ff8d10a2a86028c660355ab637cee9333d63d66b56f09d52a",
                "sha256:0bf60faf0bc2468089bdc5edd10555bab6e85152191df713e2ab1fcc86382b5a",
                "sha256:1087300cf9700bbf455b1b97e24db18f2f77b55302a68272c56209d5587c12d1",
                "sha256:18a7f18b82b52ee85322d7a7874e676f34ab319b9f8cce5de06067384aa8ff43",
                "sha256:18e98fb3de7dba1c0a852731c3070cf022d14f0d68b4c87a19cc1016f3bb8b33",
                "sha256:1a819eef4b0e0b96bb0d98d797bef17dc1b4a10e8d7446be32d1da33e095dbb8",
                "sha256:26fbfce90728d82bc9e6c38ea4d038cba20b7faf8a0ca53a9c07b67318d46088",
                "sha256:2780572ec463d44c1d3ae850239508dbeb9fed38e294c68d19a24d925d9223ca",
                "sha256:283737e0da3f08bd637b5ad058507e578dd462db259f7f6e4c5c365ba4ee9343",
                "sha256:2d4686f195e32d36b4d7cf2d166857dbd0ee9f3d20ae349b6bf8afc8485b3645",
                "sha256:2dd11f291565a81d71dab10b7033395b7a3a5456e637cf997a6f33ebdf06f8db",
                "sha256:30bcf80dda7f15ac77ba5af2b961bdd9dbc77fd4ac6105cee85b0d0a5fcf74df",
                "sha256:32e5b64b148966d9cccc2c8d35a671409e45f195864560829f395a54226408d3",
                "sha256:36abbf031e1c0f79dd5d596bfaf8e921c41df2bdf54ee1eed921ce1f52999a86",
                "sha256:3a06ad5312349fec0ab944664b01d26f8d1f05009566339ac6f63f56589bc1a2",
                "sha256:3a51c9751078733d88e013587b108f1b7a1fb106d402fb390740f002b6f6551a",
                "sha256:3c9b12575734155d0c09d6c3e10dbd81665d5c18e1a7c6597df72fd05990c8cf",
                "sha256:3f6ea9bd35eb450837a3d80e77b517ea5bc56b4647f5502cd28de13675ee12f7",
                "sha256:4b58adb399c4d61d912c4c331984d60eb66565175cdf4a34792cd9600f21b394",
                "sha256:4d2e11331fc0c02b6e84b0d28ece3a36e0548ee1a1ce9ddde03752d9b79bba40",
                "sha256:5454276c07d27a740c5892f4907c86327b632127dd9abec42ee62e12427ff7e3",
                "sha256:561091a7be172ab497a3527602d467e2b3fbe75f9e783d8b8ce403fa414f71a6",
                "sha256:6c3acb79b0bfd4fe733dff8bc62695283b57949ebcca05ae5c129eb606ff2d74",
                "sha256:703f18f3fda276b9a916f0934d2fb6d989bf0b4fb5a64825260eb9bfd52d78f0",
                "sha256:7492e2b7bd7c9b9916388d9df23fa49d9b88ac0640db0a5b4ecc2b653bf451e3",
                "sha256:76ae285c8104046b3a7f06b42f29c7b73f77683df18c49ab5af7983994c2dd91",
                "sha256:7cafd1208fdbe93b67c7086876f061f660cfddc44f404279c1585bbf3cdc64c5",
                "sha256:7efde645ca1cc441d6dc4b48c0f7101e8d86b54c8530141b09fd31cef5149ec9",
                "sha256:8512a0c38cfd4e66a858ddd1b17705587900dd760c6003998e9472b77b56d417",
                "sha256:88d9ab96491d38a5ab7c56dd7a3cc37d83336ecc564e4e8816dbed12e5aaefc8",
                "sha256:8eab883b3b2a38cc1e050819ef06a7e6344d4a990d24d45bc6f2cf959045a45b",
                "sha256:910841381caba4f744a44bf81bfd573c94e10b3045ee00de0cbf436fe50673a6",
                "sha256:9190f09060ea4debddd24665d6804b995a9c122ef5917ab26e1566dcc712ceeb",
                "sha256:937e9020b514ceedb9c830c55d5c9872abc90f4b5862f89c0887033ae33c6f73",
                "sha256:94c817e84245513926588caf1152e3b559ff794d505555211ca041f032abbb6b",
                "sha256:971ce5e14dc5e73715755d0ca2975ac88cfdaefcaab078a284fea6cfabf866df",
                "sha256:9d14b83fab60d5e8abe587d51c75b252bcc21683f24699ada8fb275d7712f5a9",
                "sha256:9f35ec95538f50292f6d8f2c9c9f8a3c6540bbfec21c9e5b4b751e0a7c20864f",
                "sha256:a1846f1b999e78e13837c93c778dcfc3365902cfb8d1bdb7dd73ead37059f0d0",
                "sha256:acd2162a36d3de67ee896c43effcd5ee3de247eb00354db411feb025aa319857",
                "sha256:b0ef99cdbe2b682b9ccbb964743a6aca37905fda5e0452e5ee239b1654d37f2a",
                "sha256:b80f600eddddce72320dbbc8e3784d16bd3fb7b517e82476d8da921f27d4b249",
                "sha256:b864ba53912b6c3ab6bcb2beb19f19edd01a6bfcbdfe1f37ddd1778abfe75a30",
                "sha256:b9ec052b06a0524f0e35bd8790686a1da006bd911dd1ef7d50b77bfbad74e292",
                "sha256:ba2956617f1c42598a308a84c6cf021a90ff3862eddafd20c3333d50f0edb45b",
                "sha256:bdfea8c661e80d3c1c99ad7c3ff74e6e87184895bbaca6ee8cc61209f8b9b85d",
                "sha256:be4ed120b52ae4d974aa40215fcdfde9194d63541c7ded40ee12eb4dda57b76b",
                "sha256:c4302695ad8027363e96311df24ee28978162cdcdd2006476c43970b384a244c",
                "sha256:c48f54ef8e05f04d6eff74b8233f6063cb1ed960243eacc474ee73a2ea8573ca",
                "sha256:c9c59a2120b55788e800d82dfa99b9e156ff8f2227f07c5e3012a45a399620b7",
                "sha256:cd021c754b162c0fb55ad5d6b9d960db667faad0fa2ff25bb6e1301b0b6e6a75",
                "sha256:d27ec7509b9c18b6d73f2f5ede2622441de812e7b1a80bbd446cb0633bd3d5ae",
                "sha256:d4606a527e30548153be1a9f155f4e283d109ffba663a15856089fb55f933e47",
                "sha256:d5508f0b173e6aa47273bdc0a0b5ba055b59662ba7c7ee5119528f466585526b",
                "sha256:d75209eed723105f9596807495d58d10b3470fa6732dd6756595e89925ce2470",
                "sha256:d967650d3f56af314b72df7089d96cda1083a7fc2da05b375d2bc48c82ab3f3c",
                "sha256:db1a39669102a1d8d12b57de2bb7e2ec9066a6f2b3da35ae511ff93b01b5d564",
                "sha256:dbfcfc0218093a19c252ca8eb9aee3d29cfdcb586df21049b9d777fd32c14fd9",
                "sha256:e0f72c9ddb8cd28532185f54cc1453f2c16fb417a08b53a855c4e6a418edd099",
                "sha256:e7c8dc13af7db097bed64a051d2dd49e9f0af495c26995c00a9ee842690d34c0",
                "sha256:ea9872c80c132f4663822dd2a08d404073a5a9b5ba6155bea72fb2a79d1093b5",
                "sha256:eff4eb9b7eb3e4d0cae3d28c283dc16d9bed6b193c2e1ace3ed86ce48ea8df19",
                "sha256:f82d4d717d8ef19188687aa32b8363e96062911e63ba22a0cff7802a8e58e5f1",
                "sha256:fc3a569657468b6f3fb60587e48356fe512c1754ca05a564f11366ac9e306526"
            ],
            "markers": "platform_machine == 'aarch64' or (platform_machine == 'ppc64le' or (platform_machine == 'x86_64' or (platform_machine == 'amd64' or (platform_machine == 'AMD64' or (platform_machine == 'win32' or platform_machine == 'WIN32')))))",
            "version": "==2.0.2"
        },
        "gunicorn": {
            "hashes": [
                "sha256:3213aa5e8c24949e792bcacfc176fef362e7aac80b76c56f6b5122bf350722f0",
                "sha256:88ec8bff1d634f98e61b9f65bc4bf3cd918a90806c6f5c48bc5603849ec81033"
            ],
            "index": "pypi",
            "markers": "python_version >= '3.5'",
            "version": "==21.2.0"
        },
        "itsdangerous": {
            "hashes": [
                "sha256:2c2349112351b88699d8d4b6b075022c0808887cb7ad10069318a8b0bc88db44",
                "sha256:5dbbc68b317e5e42f327f9021763545dc3fc3bfe22e6deb96aaf1fc38874156a"
            ],
            "markers": "python_version >= '3.7'",
            "version": "==2.1.2"
        },
        "jinja2": {
            "hashes": [
                "sha256:31351a702a408a9e7595a8fc6150fc3f43bb6bf7e319770cbc0db9df9437e852",
                "sha256:6088930bfe239f0e6710546ab9c19c9ef35e29792895fed6e6e31a023a182a61"
            ],
            "markers": "python_version >= '3.7'",
            "version": "==3.1.2"
        },
        "jsonschema": {
            "hashes": [
                "sha256:cd5f1f9ed9444e554b38ba003af06c0a8c2868131e56bfbef0550fb450c0330e",
                "sha256:ec84cc37cfa703ef7cd4928db24f9cb31428a5d0fa77747b8b51a847458e0bbf"
            ],
            "markers": "python_version >= '3.8'",
            "version": "==4.19.1"
        },
        "jsonschema-specifications": {
            "hashes": [
                "sha256:05adf340b659828a004220a9613be00fa3f223f2b82002e273dee62fd50524b1",
                "sha256:c91a50404e88a1f6ba40636778e2ee08f6e24c5613fe4c53ac24578a5a7f72bb"
            ],
            "markers": "python_version >= '3.8'",
            "version": "==2023.7.1"
        },
        "mako": {
            "hashes": [
                "sha256:c97c79c018b9165ac9922ae4f32da095ffd3c4e6872b45eded42926deea46818",
                "sha256:d60a3903dc3bb01a18ad6a89cdbe2e4eadc69c0bc8ef1e3773ba53d44c3f7a34"
            ],
            "markers": "python_version >= '3.7'",
            "version": "==1.2.4"
        },
        "markupsafe": {
            "hashes": [
                "sha256:05fb21170423db021895e1ea1e1f3ab3adb85d1c2333cbc2310f2a26bc77272e",
                "sha256:0a4e4a1aff6c7ac4cd55792abf96c915634c2b97e3cc1c7129578aa68ebd754e",
                "sha256:10bbfe99883db80bdbaff2dcf681dfc6533a614f700da1287707e8a5d78a8431",
                "sha256:134da1eca9ec0ae528110ccc9e48041e0828d79f24121a1a146161103c76e686",
                "sha256:14ff806850827afd6b07a5f32bd917fb7f45b046ba40c57abdb636674a8b559c",
                "sha256:1577735524cdad32f9f694208aa75e422adba74f1baee7551620e43a3141f559",
                "sha256:1b40069d487e7edb2676d3fbdb2b0829ffa2cd63a2ec26c4938b2d34391b4ecc",
                "sha256:1b8dd8c3fd14349433c79fa8abeb573a55fc0fdd769133baac1f5e07abf54aeb",
                "sha256:1f67c7038d560d92149c060157d623c542173016c4babc0c1913cca0564b9939",
                "sha256:282c2cb35b5b673bbcadb33a585408104df04f14b2d9b01d4c345a3b92861c2c",
                "sha256:2c1b19b3aaacc6e57b7e25710ff571c24d6c3613a45e905b1fde04d691b98ee0",
                "sha256:2ef12179d3a291be237280175b542c07a36e7f60718296278d8593d21ca937d4",
                "sha256:338ae27d6b8745585f87218a3f23f1512dbf52c26c28e322dbe54bcede54ccb9",
                "sha256:3c0fae6c3be832a0a0473ac912810b2877c8cb9d76ca48de1ed31e1c68386575",
                "sha256:3fd4abcb888d15a94f32b75d8fd18ee162ca0c064f35b11134be77050296d6ba",
                "sha256:42de32b22b6b804f42c5d98be4f7e5e977ecdd9ee9b660fda1a3edf03b11792d",
                "sha256:47d4f1c5f80fc62fdd7777d0d40a2e9dda0a05883ab11374334f6c4de38adffd",
                "sha256:504b320cd4b7eff6f968eddf81127112db685e81f7e36e75f9f84f0df46041c3",
                "sha256:525808b8019e36eb524b8c68acdd63a37e75714eac50e988180b169d64480a00",
                "sha256:56d9f2ecac662ca1611d183feb03a3fa4406469dafe241673d521dd5ae92a155",
                "sha256:5bbe06f8eeafd38e5d0a4894ffec89378b6c6a625ff57e3028921f8ff59318ac",
                "sha256:65c1a9bcdadc6c28eecee2c119465aebff8f7a584dd719facdd9e825ec61ab52",
                "sha256:68e78619a61ecf91e76aa3e6e8e33fc4894a2bebe93410754bd28fce0a8a4f9f",
                "sha256:69c0f17e9f5a7afdf2cc9fb2d1ce6aabdb3bafb7f38017c0b77862bcec2bbad8",
                "sha256:6b2b56950d93e41f33b4223ead100ea0fe11f8e6ee5f641eb753ce4b77a7042b",
                "sha256:715d3562f79d540f251b99ebd6d8baa547118974341db04f5ad06d5ea3eb8007",
                "sha256:787003c0ddb00500e49a10f2844fac87aa6ce977b90b0feaaf9de23c22508b24",
                "sha256:7ef3cb2ebbf91e330e3bb937efada0edd9003683db6b57bb108c4001f37a02ea",
                "sha256:8023faf4e01efadfa183e863fefde0046de576c6f14659e8782065bcece22198",
                "sha256:8758846a7e80910096950b67071243da3e5a20ed2546e6392603c096778d48e0",
                "sha256:8afafd99945ead6e075b973fefa56379c5b5c53fd8937dad92c662da5d8fd5ee",
                "sha256:8c41976a29d078bb235fea9b2ecd3da465df42a562910f9022f1a03107bd02be",
                "sha256:8e254ae696c88d98da6555f5ace2279cf7cd5b3f52be2b5cf97feafe883b58d2",
                "sha256:8f9293864fe09b8149f0cc42ce56e3f0e54de883a9de90cd427f191c346eb2e1",
                "sha256:9402b03f1a1b4dc4c19845e5c749e3ab82d5078d16a2a4c2cd2df62d57bb0707",
                "sha256:962f82a3086483f5e5f64dbad880d31038b698494799b097bc59c2edf392fce6",
                "sha256:9aad3c1755095ce347e26488214ef77e0485a3c34a50c5a5e2471dff60b9dd9c",
                "sha256:9dcdfd0eaf283af041973bff14a2e143b8bd64e069f4c383416ecd79a81aab58",
                "sha256:aa57bd9cf8ae831a362185ee444e15a93ecb2e344c8e52e4d721ea3ab6ef1823",
                "sha256:aa7bd130efab1c280bed0f45501b7c8795f9fdbeb02e965371bbef3523627779",
                "sha256:ab4a0df41e7c16a1392727727e7998a467472d0ad65f3ad5e6e765015df08636",
                "sha256:ad9e82fb8f09ade1c3e1b996a6337afac2b8b9e365f926f5a61aacc71adc5b3c",
                "sha256:af598ed32d6ae86f1b747b82783958b1a4ab8f617b06fe68795c7f026abbdcad",
                "sha256:b076b6226fb84157e3f7c971a47ff3a679d837cf338547532ab866c57930dbee",
                "sha256:b7ff0f54cb4ff66dd38bebd335a38e2c22c41a8ee45aa608efc890ac3e3931bc",
                "sha256:bfce63a9e7834b12b87c64d6b155fdd9b3b96191b6bd334bf37db7ff1fe457f2",
                "sha256:c011a4149cfbcf9f03994ec2edffcb8b1dc2d2aede7ca243746df97a5d41ce48",
                "sha256:c9c804664ebe8f83a211cace637506669e7890fec1b4195b505c214e50dd4eb7",
                "sha256:ca379055a47383d02a5400cb0d110cef0a776fc644cda797db0c5696cfd7e18e",
                "sha256:cb0932dc158471523c9637e807d9bfb93e06a95cbf010f1a38b98623b929ef2b",
                "sha256:cd0f502fe016460680cd20aaa5a76d241d6f35a1c3350c474bac1273803893fa",
                "sha256:ceb01949af7121f9fc39f7d27f91be8546f3fb112c608bc4029aef0bab86a2a5",
                "sha256:d080e0a5eb2529460b30190fcfcc4199bd7f827663f858a226a81bc27beaa97e",
                "sha256:dd15ff04ffd7e05ffcb7fe79f1b98041b8ea30ae9234aed2a9168b5797c3effb",
                "sha256:df0be2b576a7abbf737b1575f048c23fb1d769f267ec4358296f31c2479db8f9",
                "sha256:e09031c87a1e51556fdcb46e5bd4f59dfb743061cf93c4d6831bf894f125eb57",
                "sha256:e4dd52d80b8c83fdce44e12478ad2e85c64ea965e75d66dbeafb0a3e77308fcc",
                "sha256:f698de3fd0c4e6972b92290a45bd9b1536bffe8c6759c62471efaa8acb4c37bc",
                "sha256:fec21693218efe39aa7f8599346e90c705afa52c5b31ae019b2e57e8f6542bb2",
                "sha256:ffcc3f7c66b5f5b7931a5aa68fc9cecc51e685ef90282f4a82f0f5e9b704ad11"
            ],
            "markers": "python_version >= '3.7'",
            "version": "==2.1.3"
        },
        "packaging": {
            "hashes": [
                "sha256:994793af429502c4ea2ebf6bf664629d07c1a9fe974af92966e4b8d2df7edc61",
                "sha256:a392980d2b6cffa644431898be54b0045151319d1e7ec34f0cfed48767dd334f"
            ],
            "markers": "python_version >= '3.7'",
            "version": "==23.1"
        },
        "psycopg2-binary": {
            "hashes": [
                "sha256:00d8db270afb76f48a499f7bb8fa70297e66da67288471ca873db88382850bf4",
                "sha256:024eaeb2a08c9a65cd5f94b31ace1ee3bb3f978cd4d079406aef85169ba01f08",
                "sha256:094af2e77a1976efd4956a031028774b827029729725e136514aae3cdf49b87b",
                "sha256:1011eeb0c51e5b9ea1016f0f45fa23aca63966a4c0afcf0340ccabe85a9f65bd",
                "sha256:11abdbfc6f7f7dea4a524b5f4117369b0d757725798f1593796be6ece20266cb",
                "sha256:122641b7fab18ef76b18860dd0c772290566b6fb30cc08e923ad73d17461dc63",
                "sha256:17cc17a70dfb295a240db7f65b6d8153c3d81efb145d76da1e4a096e9c5c0e63",
                "sha256:18f12632ab516c47c1ac4841a78fddea6508a8284c7cf0f292cb1a523f2e2379",
                "sha256:1b918f64a51ffe19cd2e230b3240ba481330ce1d4b7875ae67305bd1d37b041c",
                "sha256:1c31c2606ac500dbd26381145684d87730a2fac9a62ebcfbaa2b119f8d6c19f4",
                "sha256:26484e913d472ecb6b45937ea55ce29c57c662066d222fb0fbdc1fab457f18c5",
                "sha256:2993ccb2b7e80844d534e55e0f12534c2871952f78e0da33c35e648bf002bbff",
                "sha256:2b04da24cbde33292ad34a40db9832a80ad12de26486ffeda883413c9e1b1d5e",
                "sha256:2dec5a75a3a5d42b120e88e6ed3e3b37b46459202bb8e36cd67591b6e5feebc1",
                "sha256:2df562bb2e4e00ee064779902d721223cfa9f8f58e7e52318c97d139cf7f012d",
                "sha256:3fbb1184c7e9d28d67671992970718c05af5f77fc88e26fd7136613c4ece1f89",
                "sha256:42a62ef0e5abb55bf6ffb050eb2b0fcd767261fa3faf943a4267539168807522",
                "sha256:4ecc15666f16f97709106d87284c136cdc82647e1c3f8392a672616aed3c7151",
                "sha256:4eec5d36dbcfc076caab61a2114c12094c0b7027d57e9e4387b634e8ab36fd44",
                "sha256:4fe13712357d802080cfccbf8c6266a3121dc0e27e2144819029095ccf708372",
                "sha256:51d1b42d44f4ffb93188f9b39e6d1c82aa758fdb8d9de65e1ddfe7a7d250d7ad",
                "sha256:59f7e9109a59dfa31efa022e94a244736ae401526682de504e87bd11ce870c22",
                "sha256:62cb6de84d7767164a87ca97e22e5e0a134856ebcb08f21b621c6125baf61f16",
                "sha256:642df77484b2dcaf87d4237792246d8068653f9e0f5c025e2c692fc56b0dda70",
                "sha256:6822c9c63308d650db201ba22fe6648bd6786ca6d14fdaf273b17e15608d0852",
                "sha256:692df8763b71d42eb8343f54091368f6f6c9cfc56dc391858cdb3c3ef1e3e584",
                "sha256:6d92e139ca388ccfe8c04aacc163756e55ba4c623c6ba13d5d1595ed97523e4b",
                "sha256:7952807f95c8eba6a8ccb14e00bf170bb700cafcec3924d565235dffc7dc4ae8",
                "sha256:7db7b9b701974c96a88997d458b38ccb110eba8f805d4b4f74944aac48639b42",
                "sha256:81d5dd2dd9ab78d31a451e357315f201d976c131ca7d43870a0e8063b6b7a1ec",
                "sha256:8a136c8aaf6615653450817a7abe0fc01e4ea720ae41dfb2823eccae4b9062a3",
                "sha256:8a7968fd20bd550431837656872c19575b687f3f6f98120046228e451e4064df",
                "sha256:8c721ee464e45ecf609ff8c0a555018764974114f671815a0a7152aedb9f3343",
                "sha256:8f309b77a7c716e6ed9891b9b42953c3ff7d533dc548c1e33fddc73d2f5e21f9",
                "sha256:8f94cb12150d57ea433e3e02aabd072205648e86f1d5a0a692d60242f7809b15",
                "sha256:95a7a747bdc3b010bb6a980f053233e7610276d55f3ca506afff4ad7749ab58a",
                "sha256:9b0c2b466b2f4d89ccc33784c4ebb1627989bd84a39b79092e560e937a11d4ac",
                "sha256:9dcfd5d37e027ec393a303cc0a216be564b96c80ba532f3d1e0d2b5e5e4b1e6e",
                "sha256:a5ee89587696d808c9a00876065d725d4ae606f5f7853b961cdbc348b0f7c9a1",
                "sha256:a6a8b575ac45af1eaccbbcdcf710ab984fd50af048fe130672377f78aaff6fc1",
                "sha256:ac83ab05e25354dad798401babaa6daa9577462136ba215694865394840e31f8",
                "sha256:ad26d4eeaa0d722b25814cce97335ecf1b707630258f14ac4d2ed3d1d8415265",
                "sha256:ad5ec10b53cbb57e9a2e77b67e4e4368df56b54d6b00cc86398578f1c635f329",
                "sha256:c82986635a16fb1fa15cd5436035c88bc65c3d5ced1cfaac7f357ee9e9deddd4",
                "sha256:ced63c054bdaf0298f62681d5dcae3afe60cbae332390bfb1acf0e23dcd25fc8",
                "sha256:d0b16e5bb0ab78583f0ed7ab16378a0f8a89a27256bb5560402749dbe8a164d7",
                "sha256:dbbc3c5d15ed76b0d9db7753c0db40899136ecfe97d50cbde918f630c5eb857a",
                "sha256:ded8e15f7550db9e75c60b3d9fcbc7737fea258a0f10032cdb7edc26c2a671fd",
                "sha256:e02bc4f2966475a7393bd0f098e1165d470d3fa816264054359ed4f10f6914ea",
                "sha256:e5666632ba2b0d9757b38fc17337d84bdf932d38563c5234f5f8c54fd01349c9",
                "sha256:ea5f8ee87f1eddc818fc04649d952c526db4426d26bab16efbe5a0c52b27d6ab",
                "sha256:eb1c0e682138f9067a58fc3c9a9bf1c83d8e08cfbee380d858e63196466d5c86",
                "sha256:eb3b8d55924a6058a26db69fb1d3e7e32695ff8b491835ba9f479537e14dcf9f",
                "sha256:ee919b676da28f78f91b464fb3e12238bd7474483352a59c8a16c39dfc59f0c5",
                "sha256:f02f4a72cc3ab2565c6d9720f0343cb840fb2dc01a2e9ecb8bc58ccf95dc5c06",
                "sha256:f4f37bbc6588d402980ffbd1f3338c871368fb4b1cfa091debe13c68bb3852b3",
                "sha256:f8651cf1f144f9ee0fa7d1a1df61a9184ab72962531ca99f077bbdcba3947c58",
                "sha256:f955aa50d7d5220fcb6e38f69ea126eafecd812d96aeed5d5f3597f33fad43bb",
                "sha256:fc10da7e7df3380426521e8c1ed975d22df678639da2ed0ec3244c3dc2ab54c8",
                "sha256:fdca0511458d26cf39b827a663d7d87db6f32b93efc22442a742035728603d5f"
            ],
            "index": "pypi",
            "markers": "python_version >= '3.6'",
            "version": "==2.9.7"
        },
        "pyjwt": {
            "hashes": [
                "sha256:57e28d156e3d5c10088e0c68abb90bfac3df82b40a71bd0daa20c65ccd5c23de",
                "sha256:59127c392cc44c2da5bb3192169a91f429924e17aff6534d70fdc02ab3e04320"
            ],
            "index": "pypi",
            "markers": "python_version >= '3.7'",
            "version": "==2.8.0"
        },
        "python-dotenv": {
            "hashes": [
                "sha256:a8df96034aae6d2d50a4ebe8216326c61c3eb64836776504fcca410e5937a3ba",
                "sha256:f5971a9226b701070a4bf2c38c89e5a3f0d64de8debda981d1db98583009122a"
            ],
            "index": "pypi",
            "markers": "python_version >= '3.8'",
            "version": "==1.0.0"
        },
        "pytz": {
            "hashes": [
                "sha256:7b4fddbeb94a1eba4b557da24f19fdf9db575192544270a9101d8509f9f43d7b",
                "sha256:ce42d816b81b68506614c11e8937d3aa9e41007ceb50bfdcb0749b921bf646c7"
            ],
            "version": "==2023.3.post1"
        },
        "referencing": {
            "hashes": [
                "sha256:449b6669b6121a9e96a7f9e410b245d471e8d48964c67113ce9afe50c8dd7bdf",
                "sha256:794ad8003c65938edcdbc027f1933215e0d0ccc0291e3ce20a4d87432b59efc0"
            ],
            "markers": "python_version >= '3.8'",
            "version": "==0.30.2"
        },
        "rpds-py": {
            "hashes": [
                "sha256:015de2ce2af1586ff5dc873e804434185199a15f7d96920ce67e50604592cae9",
                "sha256:061c3ff1f51ecec256e916cf71cc01f9975af8fb3af9b94d3c0cc8702cfea637",
                "sha256:08a80cf4884920863623a9ee9a285ee04cef57ebedc1cc87b3e3e0f24c8acfe5",
                "sha256:09362f86ec201288d5687d1dc476b07bf39c08478cde837cb710b302864e7ec9",
                "sha256:0bb4f48bd0dd18eebe826395e6a48b7331291078a879295bae4e5d053be50d4c",
                "sha256:106af1653007cc569d5fbb5f08c6648a49fe4de74c2df814e234e282ebc06957",
                "sha256:11fdd1192240dda8d6c5d18a06146e9045cb7e3ba7c06de6973000ff035df7c6",
                "sha256:16a472300bc6c83fe4c2072cc22b3972f90d718d56f241adabc7ae509f53f154",
                "sha256:176287bb998fd1e9846a9b666e240e58f8d3373e3bf87e7642f15af5405187b8",
                "sha256:177914f81f66c86c012311f8c7f46887ec375cfcfd2a2f28233a3053ac93a569",
                "sha256:177c9dd834cdf4dc39c27436ade6fdf9fe81484758885f2d616d5d03c0a83bd2",
                "sha256:187700668c018a7e76e89424b7c1042f317c8df9161f00c0c903c82b0a8cac5c",
                "sha256:1d9b5ee46dcb498fa3e46d4dfabcb531e1f2e76b477e0d99ef114f17bbd38453",
                "sha256:22da15b902f9f8e267020d1c8bcfc4831ca646fecb60254f7bc71763569f56b1",
                "sha256:24cd91a03543a0f8d09cb18d1cb27df80a84b5553d2bd94cba5979ef6af5c6e7",
                "sha256:255f1a10ae39b52122cce26ce0781f7a616f502feecce9e616976f6a87992d6b",
                "sha256:271c360fdc464fe6a75f13ea0c08ddf71a321f4c55fc20a3fe62ea3ef09df7d9",
                "sha256:2ed83d53a8c5902ec48b90b2ac045e28e1698c0bea9441af9409fc844dc79496",
                "sha256:2f3e1867dd574014253b4b8f01ba443b9c914e61d45f3674e452a915d6e929a3",
                "sha256:35fbd23c1c8732cde7a94abe7fb071ec173c2f58c0bd0d7e5b669fdfc80a2c7b",
                "sha256:37d0c59548ae56fae01c14998918d04ee0d5d3277363c10208eef8c4e2b68ed6",
                "sha256:39d05e65f23a0fe897b6ac395f2a8d48c56ac0f583f5d663e0afec1da89b95da",
                "sha256:3ad59efe24a4d54c2742929001f2d02803aafc15d6d781c21379e3f7f66ec842",
                "sha256:3aed39db2f0ace76faa94f465d4234aac72e2f32b009f15da6492a561b3bbebd",
                "sha256:3bbac1953c17252f9cc675bb19372444aadf0179b5df575ac4b56faaec9f6294",
                "sha256:40bc802a696887b14c002edd43c18082cb7b6f9ee8b838239b03b56574d97f71",
                "sha256:42f712b4668831c0cd85e0a5b5a308700fe068e37dcd24c0062904c4e372b093",
                "sha256:448a66b8266de0b581246ca7cd6a73b8d98d15100fb7165974535fa3b577340e",
                "sha256:485301ee56ce87a51ccb182a4b180d852c5cb2b3cb3a82f7d4714b4141119d8c",
                "sha256:485747ee62da83366a44fbba963c5fe017860ad408ccd6cd99aa66ea80d32b2e",
                "sha256:4cf0855a842c5b5c391dd32ca273b09e86abf8367572073bd1edfc52bc44446b",
                "sha256:4eca20917a06d2fca7628ef3c8b94a8c358f6b43f1a621c9815243462dcccf97",
                "sha256:4ed172d0c79f156c1b954e99c03bc2e3033c17efce8dd1a7c781bc4d5793dfac",
                "sha256:5267cfda873ad62591b9332fd9472d2409f7cf02a34a9c9cb367e2c0255994bf",
                "sha256:52b5cbc0469328e58180021138207e6ec91d7ca2e037d3549cc9e34e2187330a",
                "sha256:53d7a3cd46cdc1689296348cb05ffd4f4280035770aee0c8ead3bbd4d6529acc",
                "sha256:563646d74a4b4456d0cf3b714ca522e725243c603e8254ad85c3b59b7c0c4bf0",
                "sha256:570cc326e78ff23dec7f41487aa9c3dffd02e5ee9ab43a8f6ccc3df8f9327623",
                "sha256:5aca759ada6b1967fcfd4336dcf460d02a8a23e6abe06e90ea7881e5c22c4de6",
                "sha256:5de11c041486681ce854c814844f4ce3282b6ea1656faae19208ebe09d31c5b8",
                "sha256:5e271dd97c7bb8eefda5cca38cd0b0373a1fea50f71e8071376b46968582af9b",
                "sha256:642ed0a209ced4be3a46f8cb094f2d76f1f479e2a1ceca6de6346a096cd3409d",
                "sha256:6446002739ca29249f0beaaf067fcbc2b5aab4bc7ee8fb941bd194947ce19aff",
                "sha256:691d50c99a937709ac4c4cd570d959a006bd6a6d970a484c84cc99543d4a5bbb",
                "sha256:69b857a7d8bd4f5d6e0db4086da8c46309a26e8cefdfc778c0c5cc17d4b11e08",
                "sha256:6ac3fefb0d168c7c6cab24fdfc80ec62cd2b4dfd9e65b84bdceb1cb01d385c33",
                "sha256:6c9141af27a4e5819d74d67d227d5047a20fa3c7d4d9df43037a955b4c748ec5",
                "sha256:7170cbde4070dc3c77dec82abf86f3b210633d4f89550fa0ad2d4b549a05572a",
                "sha256:763ad59e105fca09705d9f9b29ecffb95ecdc3b0363be3bb56081b2c6de7977a",
                "sha256:77076bdc8776a2b029e1e6ffbe6d7056e35f56f5e80d9dc0bad26ad4a024a762",
                "sha256:7cd020b1fb41e3ab7716d4d2c3972d4588fdfbab9bfbbb64acc7078eccef8860",
                "sha256:821392559d37759caa67d622d0d2994c7a3f2fb29274948ac799d496d92bca73",
                "sha256:829e91f3a8574888b73e7a3feb3b1af698e717513597e23136ff4eba0bc8387a",
                "sha256:850c272e0e0d1a5c5d73b1b7871b0a7c2446b304cec55ccdb3eaac0d792bb065",
                "sha256:87d9b206b1bd7a0523375dc2020a6ce88bca5330682ae2fe25e86fd5d45cea9c",
                "sha256:8bd01ff4032abaed03f2db702fa9a61078bee37add0bd884a6190b05e63b028c",
                "sha256:8d54bbdf5d56e2c8cf81a1857250f3ea132de77af543d0ba5dce667183b61fec",
                "sha256:8efaeb08ede95066da3a3e3c420fcc0a21693fcd0c4396d0585b019613d28515",
                "sha256:8f94fdd756ba1f79f988855d948ae0bad9ddf44df296770d9a58c774cfbcca72",
                "sha256:95cde244e7195b2c07ec9b73fa4c5026d4a27233451485caa1cd0c1b55f26dbd",
                "sha256:975382d9aa90dc59253d6a83a5ca72e07f4ada3ae3d6c0575ced513db322b8ec",
                "sha256:9dd9d9d9e898b9d30683bdd2b6c1849449158647d1049a125879cb397ee9cd12",
                "sha256:a019a344312d0b1f429c00d49c3be62fa273d4a1094e1b224f403716b6d03be1",
                "sha256:a4d9bfda3f84fc563868fe25ca160c8ff0e69bc4443c5647f960d59400ce6557",
                "sha256:a657250807b6efd19b28f5922520ae002a54cb43c2401e6f3d0230c352564d25",
                "sha256:a771417c9c06c56c9d53d11a5b084d1de75de82978e23c544270ab25e7c066ff",
                "sha256:aad6ed9e70ddfb34d849b761fb243be58c735be6a9265b9060d6ddb77751e3e8",
                "sha256:ae87137951bb3dc08c7d8bfb8988d8c119f3230731b08a71146e84aaa919a7a9",
                "sha256:af247fd4f12cca4129c1b82090244ea5a9d5bb089e9a82feb5a2f7c6a9fe181d",
                "sha256:b5d4bdd697195f3876d134101c40c7d06d46c6ab25159ed5cbd44105c715278a",
                "sha256:b9255e7165083de7c1d605e818025e8860636348f34a79d84ec533546064f07e",
                "sha256:c22211c165166de6683de8136229721f3d5c8606cc2c3d1562da9a3a5058049c",
                "sha256:c55f9821f88e8bee4b7a72c82cfb5ecd22b6aad04033334f33c329b29bfa4da0",
                "sha256:c7aed97f2e676561416c927b063802c8a6285e9b55e1b83213dfd99a8f4f9e48",
                "sha256:cd2163f42868865597d89399a01aa33b7594ce8e2c4a28503127c81a2f17784e",
                "sha256:ce5e7504db95b76fc89055c7f41e367eaadef5b1d059e27e1d6eabf2b55ca314",
                "sha256:cff7351c251c7546407827b6a37bcef6416304fc54d12d44dbfecbb717064717",
                "sha256:d27aa6bbc1f33be920bb7adbb95581452cdf23005d5611b29a12bb6a3468cc95",
                "sha256:d3b52a67ac66a3a64a7e710ba629f62d1e26ca0504c29ee8cbd99b97df7079a8",
                "sha256:de61e424062173b4f70eec07e12469edde7e17fa180019a2a0d75c13a5c5dc57",
                "sha256:e10e6a1ed2b8661201e79dff5531f8ad4cdd83548a0f81c95cf79b3184b20c33",
                "sha256:e1a0ffc39f51aa5f5c22114a8f1906b3c17eba68c5babb86c5f77d8b1bba14d1",
                "sha256:e22491d25f97199fc3581ad8dd8ce198d8c8fdb8dae80dea3512e1ce6d5fa99f",
                "sha256:e626b864725680cd3904414d72e7b0bd81c0e5b2b53a5b30b4273034253bb41f",
                "sha256:e8c71ea77536149e36c4c784f6d420ffd20bea041e3ba21ed021cb40ce58e2c9",
                "sha256:e8d0f0eca087630d58b8c662085529781fd5dc80f0a54eda42d5c9029f812599",
                "sha256:ea65b59882d5fa8c74a23f8960db579e5e341534934f43f3b18ec1839b893e41",
                "sha256:ea93163472db26ac6043e8f7f93a05d9b59e0505c760da2a3cd22c7dd7111391",
                "sha256:eab75a8569a095f2ad470b342f2751d9902f7944704f0571c8af46bede438475",
                "sha256:ed8313809571a5463fd7db43aaca68ecb43ca7a58f5b23b6e6c6c5d02bdc7882",
                "sha256:ef5fddfb264e89c435be4adb3953cef5d2936fdeb4463b4161a6ba2f22e7b740",
                "sha256:ef750a20de1b65657a1425f77c525b0183eac63fe7b8f5ac0dd16f3668d3e64f",
                "sha256:efb9ece97e696bb56e31166a9dd7919f8f0c6b31967b454718c6509f29ef6fee",
                "sha256:f4c179a7aeae10ddf44c6bac87938134c1379c49c884529f090f9bf05566c836",
                "sha256:f602881d80ee4228a2355c68da6b296a296cd22bbb91e5418d54577bbf17fa7c",
                "sha256:fc2200e79d75b5238c8d69f6a30f8284290c777039d331e7340b6c17cad24a5a",
                "sha256:fcc1ebb7561a3e24a6588f7c6ded15d80aec22c66a070c757559b57b17ffd1cb"
            ],
            "markers": "python_version >= '3.8'",
            "version": "==0.10.3"
        },
        "six": {
            "hashes": [
                "sha256:1e61c37477a1626458e36f7b1d82aa5c9b094fa4802892072e49de9c60c4c926",
                "sha256:8abb2f1d86890a2dfb989f9a77cfcfd3e47c2a354b01111771326f8aa26e0254"
            ],
            "markers": "python_version >= '2.7' and python_version not in '3.0, 3.1, 3.2, 3.3'",
            "version": "==1.16.0"
        },
        "sqlalchemy": {
            "hashes": [
                "sha256:014794b60d2021cc8ae0f91d4d0331fe92691ae5467a00841f7130fe877b678e",
                "sha256:0268256a34806e5d1c8f7ee93277d7ea8cc8ae391f487213139018b6805aeaf6",
                "sha256:05b971ab1ac2994a14c56b35eaaa91f86ba080e9ad481b20d99d77f381bb6258",
                "sha256:141675dae56522126986fa4ca713739d00ed3a6f08f3c2eb92c39c6dfec463ce",
                "sha256:1e7dc99b23e33c71d720c4ae37ebb095bebebbd31a24b7d99dfc4753d2803ede",
                "sha256:2e617727fe4091cedb3e4409b39368f424934c7faa78171749f704b49b4bb4ce",
                "sha256:3cf229704074bce31f7f47d12883afee3b0a02bb233a0ba45ddbfe542939cca4",
                "sha256:3eb7c03fe1cd3255811cd4e74db1ab8dca22074d50cd8937edf4ef62d758cdf4",
                "sha256:3f7d57a7e140efe69ce2d7b057c3f9a595f98d0bbdfc23fd055efdfbaa46e3a5",
                "sha256:419b1276b55925b5ac9b4c7044e999f1787c69761a3c9756dec6e5c225ceca01",
                "sha256:44ac5c89b6896f4740e7091f4a0ff2e62881da80c239dd9408f84f75a293dae9",
                "sha256:4615623a490e46be85fbaa6335f35cf80e61df0783240afe7d4f544778c315a9",
                "sha256:50a69067af86ec7f11a8e50ba85544657b1477aabf64fa447fd3736b5a0a4f67",
                "sha256:513fd5b6513d37e985eb5b7ed89da5fd9e72354e3523980ef00d439bc549c9e9",
                "sha256:6ff3dc2f60dbf82c9e599c2915db1526d65415be323464f84de8db3e361ba5b9",
                "sha256:73c079e21d10ff2be54a4699f55865d4b275fd6c8bd5d90c5b1ef78ae0197301",
                "sha256:7614f1eab4336df7dd6bee05bc974f2b02c38d3d0c78060c5faa4cd1ca2af3b8",
                "sha256:785e2f2c1cb50d0a44e2cdeea5fd36b5bf2d79c481c10f3a88a8be4cfa2c4615",
                "sha256:7ca38746eac23dd7c20bec9278d2058c7ad662b2f1576e4c3dbfcd7c00cc48fa",
                "sha256:7f0c4ee579acfe6c994637527c386d1c22eb60bc1c1d36d940d8477e482095d4",
                "sha256:87bf91ebf15258c4701d71dcdd9c4ba39521fb6a37379ea68088ce8cd869b446",
                "sha256:89e274604abb1a7fd5c14867a412c9d49c08ccf6ce3e1e04fffc068b5b6499d4",
                "sha256:8c323813963b2503e54d0944813cd479c10c636e3ee223bcbd7bd478bf53c178",
                "sha256:a95aa0672e3065d43c8aa80080cdd5cc40fe92dc873749e6c1cf23914c4b83af",
                "sha256:af520a730d523eab77d754f5cf44cc7dd7ad2d54907adeb3233177eeb22f271b",
                "sha256:b19ae41ef26c01a987e49e37c77b9ad060c59f94d3b3efdfdbf4f3daaca7b5fe",
                "sha256:b4eae01faee9f2b17f08885e3f047153ae0416648f8e8c8bd9bc677c5ce64be9",
                "sha256:b69f1f754d92eb1cc6b50938359dead36b96a1dcf11a8670bff65fd9b21a4b09",
                "sha256:b977bfce15afa53d9cf6a632482d7968477625f030d86a109f7bdfe8ce3c064a",
                "sha256:bf8eebccc66829010f06fbd2b80095d7872991bfe8415098b9fe47deaaa58063",
                "sha256:c111cd40910ffcb615b33605fc8f8e22146aeb7933d06569ac90f219818345ef",
                "sha256:c2d494b6a2a2d05fb99f01b84cc9af9f5f93bf3e1e5dbdafe4bed0c2823584c1",
                "sha256:c9cba4e7369de663611ce7460a34be48e999e0bbb1feb9130070f0685e9a6b66",
                "sha256:cca720d05389ab1a5877ff05af96551e58ba65e8dc65582d849ac83ddde3e231",
                "sha256:ccb99c3138c9bde118b51a289d90096a3791658da9aea1754667302ed6564f6e",
                "sha256:d59cb9e20d79686aa473e0302e4a82882d7118744d30bb1dfb62d3c47141b3ec",
                "sha256:e36339a68126ffb708dc6d1948161cea2a9e85d7d7b0c54f6999853d70d44430",
                "sha256:ea7da25ee458d8f404b93eb073116156fd7d8c2a776d8311534851f28277b4ce",
                "sha256:f9fefd6298433b6e9188252f3bff53b9ff0443c8fde27298b8a2b19f6617eeb9",
                "sha256:fb87f763b5d04a82ae84ccff25554ffd903baafba6698e18ebaf32561f2fe4aa",
                "sha256:fc6b15465fabccc94bf7e38777d665b6a4f95efd1725049d6184b3a39fd54880"
            ],
            "markers": "python_version >= '3.7'",
            "version": "==2.0.21"
        },
        "typing-extensions": {
            "hashes": [
                "sha256:8f92fc8806f9a6b641eaa5318da32b44d401efaac0f6678c9bc448ba3605faa0",
                "sha256:df8e4339e9cb77357558cbdbceca33c303714cf861d1eef15e1070055ae8b7ef"
            ],
            "markers": "python_version >= '3.8'",
            "version": "==4.8.0"
        },
        "werkzeug": {
            "hashes": [
                "sha256:2b8c0e447b4b9dbcc85dd97b6eeb4dcbaf6c8b6c3be0bd654e25553e0a2157d8",
                "sha256:effc12dba7f3bd72e605ce49807bbe692bd729c3bb122a3b91747a6ae77df528"
            ],
            "markers": "python_version >= '3.8'",
            "version": "==2.3.7"
        }
    },
    "develop": {}
}
